
Microsoft Visual Studio Solution File, Format Version 12.00
# Visual Studio Version 17
VisualStudioVersion = 17.13.35931.197 d17.13
MinimumVisualStudioVersion = 10.0.40219.1
Project("{FAE04EC0-301F-11D3-BF4B-00C04F79EFBC}") = "HCZSequence", "HCZSequence.csproj", "{7182E543-A477-4046-80FB-3A3BA68A0A70}"
EndProject
Global
	GlobalSection(SolutionConfigurationPlatforms) = preSolution
		Debug|Any CPU = Debug|Any CPU
		Release|Any CPU = Release|Any CPU
	EndGlobalSection
	GlobalSection(ProjectConfigurationPlatforms) = postSolution
		{7182E543-A477-4046-80FB-3A3BA68A0A70}.Debug|Any CPU.ActiveCfg = Debug|Any CPU
		{7182E543-A477-4046-80FB-3A3BA68A0A70}.Debug|Any CPU.Build.0 = Debug|Any CPU
		{7182E543-A477-4046-80FB-3A3BA68A0A70}.Release|Any CPU.ActiveCfg = Release|Any CPU
		{7182E543-A477-4046-80FB-3A3BA68A0A70}.Release|Any CPU.Build.0 = Release|Any CPU
	EndGlobalSection
	GlobalSection(SolutionProperties) = preSolution
		HideSolutionNode = FALSE
	EndGlobalSection
	GlobalSection(ExtensibilityGlobals) = postSolution
		SolutionGuid = {7BB83BB4-6C9E-478D-8AB2-6B7A72A0B192}
	EndGlobalSection
EndGlobal
